
Microsoft Visual Studio Solution File, Format Version 12.00
# Visual Studio Version 17
VisualStudioVersion = 17.9.34902.65
MinimumVisualStudioVersion = 10.0.40219.1
Project("{FAE04EC0-301F-11D3-BF4B-00C04F79EFBC}") = "PullCalc", "PullCalc\PullCalc.csproj", "{A9D6D70F-3E37-4943-927E-CCE6D42122A7}"
EndProject
Global
	GlobalSection(SolutionConfigurationPlatforms) = preSolution
		Debug|Any CPU = Debug|Any CPU
		Release|Any CPU = Release|Any CPU
	EndGlobalSection
	GlobalSection(ProjectConfigurationPlatforms) = postSolution
		{A9D6D70F-3E37-4943-927E-CCE6D42122A7}.Debug|Any CPU.ActiveCfg = Debug|Any CPU
		{A9D6D70F-3E37-4943-927E-CCE6D42122A7}.Debug|Any CPU.Build.0 = Debug|Any CPU
		{A9D6D70F-3E37-4943-927E-CCE6D42122A7}.Release|Any CPU.ActiveCfg = Release|Any CPU
		{A9D6D70F-3E37-4943-927E-CCE6D42122A7}.Release|Any CPU.Build.0 = Release|Any CPU
	EndGlobalSection
	GlobalSection(SolutionProperties) = preSolution
		HideSolutionNode = FALSE
	EndGlobalSection
	GlobalSection(ExtensibilityGlobals) = postSolution
		SolutionGuid = {4FE7D331-0CDD-49E9-97C1-4C3686B44B8F}
	EndGlobalSection
EndGlobal
